
Microsoft Visual Studio Solution File, Format Version 12.00
# Visual Studio Version 17
VisualStudioVersion = 17.9.34723.18
MinimumVisualStudioVersion = 10.0.40219.1
Project("{FAE04EC0-301F-11D3-BF4B-00C04F79EFBC}") = "Download_Manager", "Download_Manager\Download_Manager.csproj", "{72402642-9016-44BD-BCC1-2B7B118C4314}"
EndProject
Global
	GlobalSection(SolutionConfigurationPlatforms) = preSolution
		Debug|Any CPU = Debug|Any CPU
		Release|Any CPU = Release|Any CPU
	EndGlobalSection
	GlobalSection(ProjectConfigurationPlatforms) = postSolution
		{72402642-9016-44BD-BCC1-2B7B118C4314}.Debug|Any CPU.ActiveCfg = Debug|Any CPU
		{72402642-9016-44BD-BCC1-2B7B118C4314}.Debug|Any CPU.Build.0 = Debug|Any CPU
		{72402642-9016-44BD-BCC1-2B7B118C4314}.Release|Any CPU.ActiveCfg = Release|Any CPU
		{72402642-9016-44BD-BCC1-2B7B118C4314}.Release|Any CPU.Build.0 = Release|Any CPU
	EndGlobalSection
	GlobalSection(SolutionProperties) = preSolution
		HideSolutionNode = FALSE
	EndGlobalSection
	GlobalSection(ExtensibilityGlobals) = postSolution
		SolutionGuid = {DEF0B2DA-BF93-4E62-B563-95AB1FE7A73D}
	EndGlobalSection
EndGlobal
